github.com/aead/chacha20 v0.0.0-20180709150244-8b13a72661da h1:KjTM2ks9d14ZYCvmHS9iAKVt9AyzRSqNU1qabPih5BY=
github.com/aead/chacha20 v0.0.0-20180709150244-8b13a72661da/go.mod h1:eHEWzANqSiWQsof+nXEI9bUVUyV6F53Fp89EuCh2EAA=
github.com/wzshiming/cmux v0.5.0 h1:aUqWZW18lKEbmRp8dM74NDSe9yas8exvhmKYyyi8maA=
github.com/wzshiming/cmux v0.5.0/go.mod h1:cgztgIWrS2ZgytQkewWZbqezFyZjDerc+sDqOE9mFX4=
github.com/wzshiming/httpproxy v0.6.1 h1:XZ2LhrgyLkwa/IiaZM9u4pMYy15uPE7/AAA4HKIScMU=
github.com/wzshiming/httpproxy v0.6.1/go.mod h1:/LOkMarTCHbkw8FgbzTXRTFnxRnOCFOD1YJP0GHJ4eo=
github.com/wzshiming/shadowsocks v0.5.0 h1:UcDgNdRlZBvM/8PWgYdVtA5ftAMtHprfErnS0BL4EVA=
github.com/wzshiming/shadowsocks v0.5.0/go.mod h1:fuJbLdEY4MkUhOuFdl+04wa1fCOur+9W+Wm0hCZ7n6Q=
github.com/wzshiming/socks4 v0.5.0 h1:Cf0nJG/QEyJGBWqQKvewl/csu9AbjqzOfOLuv0gD3uw=
github.com/wzshiming/socks4 v0.5.0/go.mod h1:c19LQHNp57wNa9pgZfS5UccD+51N4G0gAIhIf5nGjus=
github.com/wzshiming/socks5 v0.8.0 h1:kkREpWqIcwYlyUO1YInoEk6qzFgEmJnqkNpTrAYUEtU=
github.com/wzshiming/socks5 v0.8.0/go.mod h1:CQfuBXYdbnle2JuBG7eQT+XnyPTeTb8OTVFn4IGHHos=
github.com/wzshiming/sshd v0.2.5 h1:tJ4CukRzIHrOjNZscxnHgIt/qh7gggzHnMbkkoOMB5I=
github.com/wzshiming/sshd v0.2.5/go.mod h1:IwV2OzhzyaphzOT7ee/+OF/X42Ht3A9tqk72UOOO3VY=
github.com/wzshiming/sshproxy v0.7.0 h1:QOJ6sutrFG1Ax0NSryHVoXnsGB0kyq4D9FgJwUA/afE=
github.com/wzshiming/sshproxy v0.7.0/go.mod h1:fJSwky5H8hO7+ND5UbROtkK1z5JPyoIDSFFJOhjKHbk=
github.com/wzshiming/trie v0.4.0 h1:djOmioql3Zkd1DoUhj5AbQghW3K4o+lvPl4uL2Gi0no=
github.com/wzshiming/trie v0.4.0/go.mod h1:c9thxXTh4KcGkejt4sUsO4c5GUmWpxeWzOJ7AZJaI+8=
golang.org/x/crypto v0.57.0 h1:3ZVCjf8Ggz7zneR/EHRVx68Ctf+2pmIMP2UFhh9cC6M=
golang.org/x/crypto v0.57.0/go.mod h1:Fdz0i5U6CoizGwLda9DttjSk6qlZo25zYNtR+ycvuZA=
golang.org/x/net v0.58.0 h1:ynWG7rqYi4ccpTEuPZ2QGWHktVEM9DMCj9yzDE0Q7To=
golang.org/x/net v0.58.0/go.mod h1:YwCddHnFlT7eLQqVprV19OnhLGtc5xOKgE0RyqgfWAU=
golang.org/x/sync v0.23.0 h1:KameEIfc1IkluZyXWLn39Wd4tURc6GbCiISGiZm2bQk=
golang.org/x/sync v0.23.0/go.mod h1:sUUOizhqBxiL6pEWpqNLUiaJn1ShEbZ6BBqskPbjZm0=
golang.org/x/sys v0.48.0 h1:bbX/i/6MgT9BVLM9RT1thmxL04yeTAhbEz4SyadbXoo=
golang.org/x/sys v0.48.0/go.mod h1:hNLxWAXmnKAxqDtdwIYC4bM9oQPEecfsnNMuSxOs3og=
golang.org/x/term v0.46.0 h1:3+OXuTbaKDgwk8jTi3aSLHRlmWqHEUDUtxnbFigO4YE=
golang.org/x/term v0.46.0/go.mod h1:+K02xbkittuwc0Am4abfA3Fc+XRGXkvBXNO88NCXPoc=
golang.org/x/text v0.42.0 h1:JbOZXgfeCPU9gacVtYliJqOhD+zhrEqK4LfdpmlUZqI=
golang.org/x/text v0.42.0/go.mod h1:ojzP1Z+2QtioaF8DTtO8K5q7JWVVYwZKenzujK0Zd0E=
