github.com/aead/chacha20 v0.0.0-20180709150244-8b13a72661da h1:KjTM2ks9d14ZYCvmHS9iAKVt9AyzRSqNU1qabPih5BY=
github.com/aead/chacha20 v0.0.0-20180709150244-8b13a72661da/go.mod h1:eHEWzANqSiWQsof+nXEI9bUVUyV6F53Fp89EuCh2EAA=
github.com/wzshiming/cmux v0.4.2 h1:tI73lL5ztVfiqw7R5m5BkxT1+vQ2PBo/oV6qPbNGPiA=
github.com/wzshiming/cmux v0.4.2/go.mod h1:JgE61QfZAjEyNMX0iZo9zIKY6pr9bHVY132yYPwHW5U=
github.com/wzshiming/httpproxy v0.6.1 h1:XZ2LhrgyLkwa/IiaZM9u4pMYy15uPE7/AAA4HKIScMU=
github.com/wzshiming/httpproxy v0.6.1/go.mod h1:/LOkMarTCHbkw8FgbzTXRTFnxRnOCFOD1YJP0GHJ4eo=
github.com/wzshiming/shadowsocks v0.5.0 h1:UcDgNdRlZBvM/8PWgYdVtA5ftAMtHprfErnS0BL4EVA=
github.com/wzshiming/shadowsocks v0.5.0/go.mod h1:fuJbLdEY4MkUhOuFdl+04wa1fCOur+9W+Wm0hCZ7n6Q=
github.com/wzshiming/socks4 v0.5.0 h1:Cf0nJG/QEyJGBWqQKvewl/csu9AbjqzOfOLuv0gD3uw=
github.com/wzshiming/socks4 v0.5.0/go.mod h1:c19LQHNp57wNa9pgZfS5UccD+51N4G0gAIhIf5nGjus=
github.com/wzshiming/socks5 v0.8.0 h1:kkREpWqIcwYlyUO1YInoEk6qzFgEmJnqkNpTrAYUEtU=
github.com/wzshiming/socks5 v0.8.0/go.mod h1:CQfuBXYdbnle2JuBG7eQT+XnyPTeTb8OTVFn4IGHHos=
github.com/wzshiming/sshd v0.2.5 h1:tJ4CukRzIHrOjNZscxnHgIt/qh7gggzHnMbkkoOMB5I=
github.com/wzshiming/sshd v0.2.5/go.mod h1:IwV2OzhzyaphzOT7ee/+OF/X42Ht3A9tqk72UOOO3VY=
github.com/wzshiming/sshproxy v0.7.0 h1:QOJ6sutrFG1Ax0NSryHVoXnsGB0kyq4D9FgJwUA/afE=
github.com/wzshiming/sshproxy v0.7.0/go.mod h1:fJSwky5H8hO7+ND5UbROtkK1z5JPyoIDSFFJOhjKHbk=
github.com/wzshiming/trie v0.3.1 h1:YpuoqmEQFJiW0mns/mM6Qk4kdWrXc8kc28/KR1vn0m8=
github.com/wzshiming/trie v0.3.1/go.mod h1:c9thxXTh4KcGkejt4sUsO4c5GUmWpxeWzOJ7AZJaI+8=
golang.org/x/crypto v0.52.0 h1:RMs7fP2rXdep0CftQlK8Uf+kibLm7qkCcradZWYz988=
golang.org/x/crypto v0.52.0/go.mod h1:1QgfPxDqh0T2M/elOJtp9RvuR95kVjir0e6/BvEmGbc=
golang.org/x/net v0.55.0 h1:bcvxaJn3e1U6InsFWt1JUq1aSjnRxLzT2rtD2KfkDF8=
golang.org/x/net v0.55.0/go.mod h1:L5U2KuzuOe1lY7Z+aWVIKK6qEeJXnXV9yzGA+WCHJww=
golang.org/x/sync v0.19.0 h1:vV+1eWNmZ5geRlYjzm2adRgW2/mcpevXNg50YZtPCE4=
golang.org/x/sync v0.19.0/go.mod h1:9KTHXmSnoGruLpwFjVSX0lNNA75CykiMECbovNTZqGI=
golang.org/x/sys v0.45.0 h1:dO4czNzziLiiXplLQgBCEpCvXQ3dnkn0SdaZSYdQ+FY=
golang.org/x/sys v0.45.0/go.mod h1:4GL1E5IUh+htKOUEOaiffhrAeqysfVGipDYzABqnCmw=
golang.org/x/term v0.43.0 h1:S4RLU2sB31O/NCl+zFN9Aru9A/Cq2aqKpTZJ6B+DwT4=
golang.org/x/term v0.43.0/go.mod h1:lrhlHNdQJHO+1qVYiHfFKVuVioJIheAc3fBSMFYEIsk=
golang.org/x/text v0.37.0 h1:Cqjiwd9eSg8e0QAkyCaQTNHFIIzWtidPahFWR83rTrc=
golang.org/x/text v0.37.0/go.mod h1:a5sjxXGs9hsn/AJVwuElvCAo9v8QYLzvavO5z2PiM38=
